// !$*UTF8*$!
{
	archiveVersion = 1;
	classes = {
	};
	objectVersion = 46;
	objects = {

/* Begin PBXBuildFile section */
		1330AFEC1B805B8100E2D819 /* Facility.storyboard in Resources */ = {isa = PBXBuildFile; fileRef = 1330AFEB1B805B8100E2D819 /* Facility.storyboard */; };
		1330AFEE1B805B9E00E2D819 /* Provider.storyboard in Resources */ = {isa = PBXBuildFile; fileRef = 1330AFED1B805B9E00E2D819 /* Provider.storyboard */; };
		1330AFF01B805BC000E2D819 /* PersonalInformation.storyboard in Resources */ = {isa = PBXBuildFile; fileRef = 1330AFEF1B805BC000E2D819 /* PersonalInformation.storyboard */; };
		1330AFF21B805BD700E2D819 /* Insurance.storyboard in Resources */ = {isa = PBXBuildFile; fileRef = 1330AFF11B805BD700E2D819 /* Insurance.storyboard */; };
		1330AFF41B805C0600E2D819 /* Immunization.storyboard in Resources */ = {isa = PBXBuildFile; fileRef = 1330AFF31B805C0600E2D819 /* Immunization.storyboard */; };
		13377F341B8038790059F691 /* MenuModel.swift in Sources */ = {isa = PBXBuildFile; fileRef = 13377F331B8038790059F691 /* MenuModel.swift */; };
		13377F381B803DD00059F691 /* MenuCell.swift in Sources */ = {isa = PBXBuildFile; fileRef = 13377F371B803DD00059F691 /* MenuCell.swift */; };
		134106301B7EBF7500625BC4 /* AppDelegate.swift in Sources */ = {isa = PBXBuildFile; fileRef = 1341062F1B7EBF7500625BC4 /* AppDelegate.swift */; };
		134106321B7EBF7500625BC4 /* ViewController.swift in Sources */ = {isa = PBXBuildFile; fileRef = 134106311B7EBF7500625BC4 /* ViewController.swift */; };
		134106351B7EBF7500625BC4 /* Main.storyboard in Resources */ = {isa = PBXBuildFile; fileRef = 134106331B7EBF7500625BC4 /* Main.storyboard */; };
		134106371B7EBF7500625BC4 /* Images.xcassets in Resources */ = {isa = PBXBuildFile; fileRef = 134106361B7EBF7500625BC4 /* Images.xcassets */; };
		1341063A1B7EBF7500625BC4 /* LaunchScreen.xib in Resources */ = {isa = PBXBuildFile; fileRef = 134106381B7EBF7500625BC4 /* LaunchScreen.xib */; };
		134106461B7EBF7500625BC4 /* SampleProjectTests.swift in Sources */ = {isa = PBXBuildFile; fileRef = 134106451B7EBF7500625BC4 /* SampleProjectTests.swift */; };
		134106551B7ED19300625BC4 /* LoginViewController.swift in Sources */ = {isa = PBXBuildFile; fileRef = 134106541B7ED19300625BC4 /* LoginViewController.swift */; };
		134106571B7ED1B800625BC4 /* SignUpViewController.swift in Sources */ = {isa = PBXBuildFile; fileRef = 134106561B7ED1B800625BC4 /* SignUpViewController.swift */; };
		1341065A1B7ED22400625BC4 /* MenuTableViewController.swift in Sources */ = {isa = PBXBuildFile; fileRef = 134106591B7ED22400625BC4 /* MenuTableViewController.swift */; };
		1341065C1B7EF7BE00625BC4 /* FacilityTableViewController.swift in Sources */ = {isa = PBXBuildFile; fileRef = 1341065B1B7EF7BE00625BC4 /* FacilityTableViewController.swift */; };
		13D66BA11B8078D6009BE9D5 /* JsonHelper.swift in Sources */ = {isa = PBXBuildFile; fileRef = 13D66BA01B8078D6009BE9D5 /* JsonHelper.swift */; };
		13D66BA31B8078EA009BE9D5 /* ProgressHUD.swift in Sources */ = {isa = PBXBuildFile; fileRef = 13D66BA21B8078EA009BE9D5 /* ProgressHUD.swift */; };
		13D66BA51B807901009BE9D5 /* Alert.swift in Sources */ = {isa = PBXBuildFile; fileRef = 13D66BA41B807901009BE9D5 /* Alert.swift */; };
		13D66BA71B807929009BE9D5 /* PopDateViewController.xib in Resources */ = {isa = PBXBuildFile; fileRef = 13D66BA61B807929009BE9D5 /* PopDateViewController.xib */; };
		13D66BA91B807963009BE9D5 /* PopDateViewController.swift in Sources */ = {isa = PBXBuildFile; fileRef = 13D66BA81B807963009BE9D5 /* PopDateViewController.swift */; };
		13D66BAB1B80796F009BE9D5 /* PopDatePicker.swift in Sources */ = {isa = PBXBuildFile; fileRef = 13D66BAA1B80796F009BE9D5 /* PopDatePicker.swift */; };
		13D66BAD1B807B90009BE9D5 /* FacilityCell.swift in Sources */ = {isa = PBXBuildFile; fileRef = 13D66BAC1B807B90009BE9D5 /* FacilityCell.swift */; };
		13D66BAF1B807BA5009BE9D5 /* ProviderCell.swift in Sources */ = {isa = PBXBuildFile; fileRef = 13D66BAE1B807BA5009BE9D5 /* ProviderCell.swift */; };
		13D66BB11B807BBC009BE9D5 /* InsuranceCell.swift in Sources */ = {isa = PBXBuildFile; fileRef = 13D66BB01B807BBC009BE9D5 /* InsuranceCell.swift */; };
		13D66BB31B807BD3009BE9D5 /* ImmunizationCell.swift in Sources */ = {isa = PBXBuildFile; fileRef = 13D66BB21B807BD3009BE9D5 /* ImmunizationCell.swift */; };
		13D66BB51B807BF5009BE9D5 /* VitalCell.swift in Sources */ = {isa = PBXBuildFile; fileRef = 13D66BB41B807BF5009BE9D5 /* VitalCell.swift */; };
		13D66BB71B807C2A009BE9D5 /* AllergyCell.swift in Sources */ = {isa = PBXBuildFile; fileRef = 13D66BB61B807C2A009BE9D5 /* AllergyCell.swift */; };
		13D66BB91B807C54009BE9D5 /* MedicationCell.swift in Sources */ = {isa = PBXBuildFile; fileRef = 13D66BB81B807C54009BE9D5 /* MedicationCell.swift */; };
		13D66BBB1B807C7C009BE9D5 /* PatientHistoryCell.swift in Sources */ = {isa = PBXBuildFile; fileRef = 13D66BBA1B807C7C009BE9D5 /* PatientHistoryCell.swift */; };
		13D66BBD1B807C93009BE9D5 /* FamilyHistoryCell.swift in Sources */ = {isa = PBXBuildFile; fileRef = 13D66BBC1B807C93009BE9D5 /* FamilyHistoryCell.swift */; };
		13D66BC11B807D20009BE9D5 /* ProviderTableViewController.swift in Sources */ = {isa = PBXBuildFile; fileRef = 13D66BC01B807D20009BE9D5 /* ProviderTableViewController.swift */; };
		13D66BC31B807D4E009BE9D5 /* InsuranceTableViewController.swift in Sources */ = {isa = PBXBuildFile; fileRef = 13D66BC21B807D4E009BE9D5 /* InsuranceTableViewController.swift */; };
		13D66BC51B807D77009BE9D5 /* ImmunizationTableViewController.swift in Sources */ = {isa = PBXBuildFile; fileRef = 13D66BC41B807D77009BE9D5 /* ImmunizationTableViewController.swift */; };
		13D66BC71B807DA2009BE9D5 /* VitalSignTableViewController.swift in Sources */ = {isa = PBXBuildFile; fileRef = 13D66BC61B807DA2009BE9D5 /* VitalSignTableViewController.swift */; };
		13D66BC91B807DD0009BE9D5 /* AllergyTableViewController.swift in Sources */ = {isa = PBXBuildFile; fileRef = 13D66BC81B807DD0009BE9D5 /* AllergyTableViewController.swift */; };
		13D66BCB1B807DF9009BE9D5 /* MedicationTableViewController.swift in Sources */ = {isa = PBXBuildFile; fileRef = 13D66BCA1B807DF9009BE9D5 /* MedicationTableViewController.swift */; };
		13D66BCD1B807E29009BE9D5 /* PatientHistoryTableViewController.swift in Sources */ = {isa = PBXBuildFile; fileRef = 13D66BCC1B807E29009BE9D5 /* PatientHistoryTableViewController.swift */; };
		13D66BCF1B807E58009BE9D5 /* FamilyHistoryTableViewController.swift in Sources */ = {isa = PBXBuildFile; fileRef = 13D66BCE1B807E58009BE9D5 /* FamilyHistoryTableViewController.swift */; };
		13D66BD71B807EF2009BE9D5 /* InsuranceModel.swift in Sources */ = {isa = PBXBuildFile; fileRef = 13D66BD01B807EF2009BE9D5 /* InsuranceModel.swift */; };
		13D66BD81B807EF2009BE9D5 /* ImmunizationModel.swift in Sources */ = {isa = PBXBuildFile; fileRef = 13D66BD11B807EF2009BE9D5 /* ImmunizationModel.swift */; };
		13D66BD91B807EF2009BE9D5 /* VitalSignModel.swift in Sources */ = {isa = PBXBuildFile; fileRef = 13D66BD21B807EF2009BE9D5 /* VitalSignModel.swift */; };
		13D66BDA1B807EF2009BE9D5 /* AllergyModel.swift in Sources */ = {isa = PBXBuildFile; fileRef = 13D66BD31B807EF2009BE9D5 /* AllergyModel.swift */; };
		13D66BDB1B807EF2009BE9D5 /* MedicationModel.swift in Sources */ = {isa = PBXBuildFile; fileRef = 13D66BD41B807EF2009BE9D5 /* MedicationModel.swift */; };
		13D66BDC1B807EF2009BE9D5 /* MedicalHistoryModel.swift in Sources */ = {isa = PBXBuildFile; fileRef = 13D66BD51B807EF2009BE9D5 /* MedicalHistoryModel.swift */; };
		13D66BDD1B807EF2009BE9D5 /* FamilyHistoryModel.swift in Sources */ = {isa = PBXBuildFile; fileRef = 13D66BD61B807EF2009BE9D5 /* FamilyHistoryModel.swift */; };
/* End PBXBuildFile section */

/* Begin PBXContainerItemProxy section */
		134106401B7EBF7500625BC4 /* PBXContainerItemProxy */ = {
			isa = PBXContainerItemProxy;
			containerPortal = 134106221B7EBF7500625BC4 /* Project object */;
			proxyType = 1;
			remoteGlobalIDString = 134106291B7EBF7500625BC4;
			remoteInfo = SampleProject;
		};
/* End PBXContainerItemProxy section */

/* Begin PBXFileReference section */
		1330AFEB1B805B8100E2D819 /* Facility.storyboard */ = {isa = PBXFileReference; fileEncoding = 4; lastKnownFileType = file.storyboard; path = Facility.storyboard; sourceTree = "<group>"; };
		1330AFED1B805B9E00E2D819 /* Provider.storyboard */ = {isa = PBXFileReference; fileEncoding = 4; lastKnownFileType = file.storyboard; path = Provider.storyboard; sourceTree = "<group>"; };
		1330AFEF1B805BC000E2D819 /* PersonalInformation.storyboard */ = {isa = PBXFileReference; fileEncoding = 4; lastKnownFileType = file.storyboard; path = PersonalInformation.storyboard; sourceTree = "<group>"; };
		1330AFF11B805BD700E2D819 /* Insurance.storyboard */ = {isa = PBXFileReference; fileEncoding = 4; lastKnownFileType = file.storyboard; path = Insurance.storyboard; sourceTree = "<group>"; };
		1330AFF31B805C0600E2D819 /* Immunization.storyboard */ = {isa = PBXFileReference; fileEncoding = 4; lastKnownFileType = file.storyboard; path = Immunization.storyboard; sourceTree = "<group>"; };
		13377F331B8038790059F691 /* MenuModel.swift */ = {isa = PBXFileReference; fileEncoding = 4; lastKnownFileType = sourcecode.swift; path = MenuModel.swift; sourceTree = "<group>"; };
		13377F371B803DD00059F691 /* MenuCell.swift */ = {isa = PBXFileReference; fileEncoding = 4; lastKnownFileType = sourcecode.swift; path = MenuCell.swift; sourceTree = "<group>"; };
		1341062A1B7EBF7500625BC4 /* SampleProject.app */ = {isa = PBXFileReference; explicitFileType = wrapper.application; includeInIndex = 0; path = SampleProject.app; sourceTree = BUILT_PRODUCTS_DIR; };
		1341062E1B7EBF7500625BC4 /* Info.plist */ = {isa = PBXFileReference; lastKnownFileType = text.plist.xml; path = Info.plist; sourceTree = "<group>"; };
		1341062F1B7EBF7500625BC4 /* AppDelegate.swift */ = {isa = PBXFileReference; lastKnownFileType = sourcecode.swift; path = AppDelegate.swift; sourceTree = "<group>"; };
		134106311B7EBF7500625BC4 /* ViewController.swift */ = {isa = PBXFileReference; lastKnownFileType = sourcecode.swift; path = ViewController.swift; sourceTree = "<group>"; };
		134106341B7EBF7500625BC4 /* Base */ = {isa = PBXFileReference; lastKnownFileType = file.storyboard; name = Base; path = Base.lproj/Main.storyboard; sourceTree = "<group>"; };
		134106361B7EBF7500625BC4 /* Images.xcassets */ = {isa = PBXFileReference; lastKnownFileType = folder.assetcatalog; path = Images.xcassets; sourceTree = "<group>"; };
		134106391B7EBF7500625BC4 /* Base */ = {isa = PBXFileReference; lastKnownFileType = file.xib; name = Base; path = Base.lproj/LaunchScreen.xib; sourceTree = "<group>"; };
		1341063F1B7EBF7500625BC4 /* SampleProjectTests.xctest */ = {isa = PBXFileReference; explicitFileType = wrapper.cfbundle; includeInIndex = 0; path = SampleProjectTests.xctest; sourceTree = BUILT_PRODUCTS_DIR; };
		134106441B7EBF7500625BC4 /* Info.plist */ = {isa = PBXFileReference; lastKnownFileType = text.plist.xml; path = Info.plist; sourceTree = "<group>"; };
		134106451B7EBF7500625BC4 /* SampleProjectTests.swift */ = {isa = PBXFileReference; lastKnownFileType = sourcecode.swift; path = SampleProjectTests.swift; sourceTree = "<group>"; };
		134106541B7ED19300625BC4 /* LoginViewController.swift */ = {isa = PBXFileReference; fileEncoding = 4; lastKnownFileType = sourcecode.swift; path = LoginViewController.swift; sourceTree = "<group>"; };
		134106561B7ED1B800625BC4 /* SignUpViewController.swift */ = {isa = PBXFileReference; fileEncoding = 4; lastKnownFileType = sourcecode.swift; path = SignUpViewController.swift; sourceTree = "<group>"; };
		134106591B7ED22400625BC4 /* MenuTableViewController.swift */ = {isa = PBXFileReference; fileEncoding = 4; lastKnownFileType = sourcecode.swift; path = MenuTableViewController.swift; sourceTree = "<group>"; };
		1341065B1B7EF7BE00625BC4 /* FacilityTableViewController.swift */ = {isa = PBXFileReference; fileEncoding = 4; lastKnownFileType = sourcecode.swift; path = FacilityTableViewController.swift; sourceTree = "<group>"; };
		13D66BA01B8078D6009BE9D5 /* JsonHelper.swift */ = {isa = PBXFileReference; fileEncoding = 4; lastKnownFileType = sourcecode.swift; name = JsonHelper.swift; path = ../../../../Downloads/JsonHelper.swift; sourceTree = "<group>"; };
		13D66BA21B8078EA009BE9D5 /* ProgressHUD.swift */ = {isa = PBXFileReference; fileEncoding = 4; lastKnownFileType = sourcecode.swift; name = ProgressHUD.swift; path = ../../../../Downloads/ProgressHUD.swift; sourceTree = "<group>"; };
		13D66BA41B807901009BE9D5 /* Alert.swift */ = {isa = PBXFileReference; fileEncoding = 4; lastKnownFileType = sourcecode.swift; name = Alert.swift; path = ../../../../Downloads/Alert.swift; sourceTree = "<group>"; };
		13D66BA61B807929009BE9D5 /* PopDateViewController.xib */ = {isa = PBXFileReference; fileEncoding = 4; lastKnownFileType = file.xib; name = PopDateViewController.xib; path = ../../../../Downloads/PopDateViewController.xib; sourceTree = "<group>"; };
		13D66BA81B807963009BE9D5 /* PopDateViewController.swift */ = {isa = PBXFileReference; fileEncoding = 4; lastKnownFileType = sourcecode.swift; name = PopDateViewController.swift; path = ../../../../Downloads/PopDateViewController.swift; sourceTree = "<group>"; };
		13D66BAA1B80796F009BE9D5 /* PopDatePicker.swift */ = {isa = PBXFileReference; fileEncoding = 4; lastKnownFileType = sourcecode.swift; name = PopDatePicker.swift; path = ../../../../Downloads/PopDatePicker.swift; sourceTree = "<group>"; };
		13D66BAC1B807B90009BE9D5 /* FacilityCell.swift */ = {isa = PBXFileReference; fileEncoding = 4; lastKnownFileType = sourcecode.swift; path = FacilityCell.swift; sourceTree = "<group>"; };
		13D66BAE1B807BA5009BE9D5 /* ProviderCell.swift */ = {isa = PBXFileReference; fileEncoding = 4; lastKnownFileType = sourcecode.swift; path = ProviderCell.swift; sourceTree = "<group>"; };
		13D66BB01B807BBC009BE9D5 /* InsuranceCell.swift */ = {isa = PBXFileReference; fileEncoding = 4; lastKnownFileType = sourcecode.swift; path = InsuranceCell.swift; sourceTree = "<group>"; };
		13D66BB21B807BD3009BE9D5 /* ImmunizationCell.swift */ = {isa = PBXFileReference; fileEncoding = 4; lastKnownFileType = sourcecode.swift; path = ImmunizationCell.swift; sourceTree = "<group>"; };
		13D66BB41B807BF5009BE9D5 /* VitalCell.swift */ = {isa = PBXFileReference; fileEncoding = 4; lastKnownFileType = sourcecode.swift; path = VitalCell.swift; sourceTree = "<group>"; };
		13D66BB61B807C2A009BE9D5 /* AllergyCell.swift */ = {isa = PBXFileReference; fileEncoding = 4; lastKnownFileType = sourcecode.swift; path = AllergyCell.swift; sourceTree = "<group>"; };
		13D66BB81B807C54009BE9D5 /* MedicationCell.swift */ = {isa = PBXFileReference; fileEncoding = 4; lastKnownFileType = sourcecode.swift; path = MedicationCell.swift; sourceTree = "<group>"; };
		13D66BBA1B807C7C009BE9D5 /* PatientHistoryCell.swift */ = {isa = PBXFileReference; fileEncoding = 4; lastKnownFileType = sourcecode.swift; path = PatientHistoryCell.swift; sourceTree = "<group>"; };
		13D66BBC1B807C93009BE9D5 /* FamilyHistoryCell.swift */ = {isa = PBXFileReference; fileEncoding = 4; lastKnownFileType = sourcecode.swift; path = FamilyHistoryCell.swift; sourceTree = "<group>"; };
		13D66BC01B807D20009BE9D5 /* ProviderTableViewController.swift */ = {isa = PBXFileReference; fileEncoding = 4; lastKnownFileType = sourcecode.swift; path = ProviderTableViewController.swift; sourceTree = "<group>"; };
		13D66BC21B807D4E009BE9D5 /* InsuranceTableViewController.swift */ = {isa = PBXFileReference; fileEncoding = 4; lastKnownFileType = sourcecode.swift; path = InsuranceTableViewController.swift; sourceTree = "<group>"; };
		13D66BC41B807D77009BE9D5 /* ImmunizationTableViewController.swift */ = {isa = PBXFileReference; fileEncoding = 4; lastKnownFileType = sourcecode.swift; path = ImmunizationTableViewController.swift; sourceTree = "<group>"; };
		13D66BC61B807DA2009BE9D5 /* VitalSignTableViewController.swift */ = {isa = PBXFileReference; fileEncoding = 4; lastKnownFileType = sourcecode.swift; path = VitalSignTableViewController.swift; sourceTree = "<group>"; };
		13D66BC81B807DD0009BE9D5 /* AllergyTableViewController.swift */ = {isa = PBXFileReference; fileEncoding = 4; lastKnownFileType = sourcecode.swift; path = AllergyTableViewController.swift; sourceTree = "<group>"; };
		13D66BCA1B807DF9009BE9D5 /* MedicationTableViewController.swift */ = {isa = PBXFileReference; fileEncoding = 4; lastKnownFileType = sourcecode.swift; path = MedicationTableViewController.swift; sourceTree = "<group>"; };
		13D66BCC1B807E29009BE9D5 /* PatientHistoryTableViewController.swift */ = {isa = PBXFileReference; fileEncoding = 4; lastKnownFileType = sourcecode.swift; path = PatientHistoryTableViewController.swift; sourceTree = "<group>"; };
		13D66BCE1B807E58009BE9D5 /* FamilyHistoryTableViewController.swift */ = {isa = PBXFileReference; fileEncoding = 4; lastKnownFileType = sourcecode.swift; path = FamilyHistoryTableViewController.swift; sourceTree = "<group>"; };
		13D66BD01B807EF2009BE9D5 /* InsuranceModel.swift */ = {isa = PBXFileReference; fileEncoding = 4; lastKnownFileType = sourcecode.swift; name = InsuranceModel.swift; path = ../../../../.Trash/PatientPortal/PatientPortal/InsuranceModel.swift; sourceTree = "<group>"; };
		13D66BD11B807EF2009BE9D5 /* ImmunizationModel.swift */ = {isa = PBXFileReference; fileEncoding = 4; lastKnownFileType = sourcecode.swift; name = ImmunizationModel.swift; path = ../../../../.Trash/PatientPortal/PatientPortal/ImmunizationModel.swift; sourceTree = "<group>"; };
		13D66BD21B807EF2009BE9D5 /* VitalSignModel.swift */ = {isa = PBXFileReference; fileEncoding = 4; lastKnownFileType = sourcecode.swift; name = VitalSignModel.swift; path = ../../../../.Trash/PatientPortal/PatientPortal/VitalSignModel.swift; sourceTree = "<group>"; };
		13D66BD31B807EF2009BE9D5 /* AllergyModel.swift */ = {isa = PBXFileReference; fileEncoding = 4; lastKnownFileType = sourcecode.swift; name = AllergyModel.swift; path = ../../../../.Trash/PatientPortal/PatientPortal/AllergyModel.swift; sourceTree = "<group>"; };
		13D66BD41B807EF2009BE9D5 /* MedicationModel.swift */ = {isa = PBXFileReference; fileEncoding = 4; lastKnownFileType = sourcecode.swift; name = MedicationModel.swift; path = ../../../../.Trash/PatientPortal/PatientPortal/MedicationModel.swift; sourceTree = "<group>"; };
		13D66BD51B807EF2009BE9D5 /* MedicalHistoryModel.swift */ = {isa = PBXFileReference; fileEncoding = 4; lastKnownFileType = sourcecode.swift; name = MedicalHistoryModel.swift; path = ../../../../.Trash/PatientPortal/PatientPortal/MedicalHistoryModel.swift; sourceTree = "<group>"; };
		13D66BD61B807EF2009BE9D5 /* FamilyHistoryModel.swift */ = {isa = PBXFileReference; fileEncoding = 4; lastKnownFileType = sourcecode.swift; name = FamilyHistoryModel.swift; path = ../../../../.Trash/PatientPortal/PatientPortal/FamilyHistoryModel.swift; sourceTree = "<group>"; };
/* End PBXFileReference section */

/* Begin PBXFrameworksBuildPhase section */
		134106271B7EBF7500625BC4 /* Frameworks */ = {
			isa = PBXFrameworksBuildPhase;
			buildActionMask = 2147483647;
			files = (
			);
			runOnlyForDeploymentPostprocessing = 0;
		};
		1341063C1B7EBF7500625BC4 /* Frameworks */ = {
			isa = PBXFrameworksBuildPhase;
			buildActionMask = 2147483647;
			files = (
			);
			runOnlyForDeploymentPostprocessing = 0;
		};
/* End PBXFrameworksBuildPhase section */

/* Begin PBXGroup section */
		13377F351B803D750059F691 /* TableCell */ = {
			isa = PBXGroup;
			children = (
				13377F371B803DD00059F691 /* MenuCell.swift */,
				13D66BAC1B807B90009BE9D5 /* FacilityCell.swift */,
				13D66BAE1B807BA5009BE9D5 /* ProviderCell.swift */,
				13D66BB01B807BBC009BE9D5 /* InsuranceCell.swift */,
				13D66BB21B807BD3009BE9D5 /* ImmunizationCell.swift */,
				13D66BB41B807BF5009BE9D5 /* VitalCell.swift */,
				13D66BB61B807C2A009BE9D5 /* AllergyCell.swift */,
				13D66BB81B807C54009BE9D5 /* MedicationCell.swift */,
				13D66BBA1B807C7C009BE9D5 /* PatientHistoryCell.swift */,
				13D66BBC1B807C93009BE9D5 /* FamilyHistoryCell.swift */,
			);
			name = TableCell;
			sourceTree = "<group>";
		};
		13377F361B803D8E0059F691 /* DetailView */ = {
			isa = PBXGroup;
			children = (
			);
			name = DetailView;
			sourceTree = "<group>";
		};
		134106211B7EBF7500625BC4 = {
			isa = PBXGroup;
			children = (
				1341062C1B7EBF7500625BC4 /* SampleProject */,
				134106421B7EBF7500625BC4 /* SampleProjectTests */,
				1341062B1B7EBF7500625BC4 /* Products */,
			);
			sourceTree = "<group>";
		};
		1341062B1B7EBF7500625BC4 /* Products */ = {
			isa = PBXGroup;
			children = (
				1341062A1B7EBF7500625BC4 /* SampleProject.app */,
				1341063F1B7EBF7500625BC4 /* SampleProjectTests.xctest */,
			);
			name = Products;
			sourceTree = "<group>";
		};
		1341062C1B7EBF7500625BC4 /* SampleProject */ = {
			isa = PBXGroup;
			children = (
				134106531B7ED12D00625BC4 /* HelperFile */,
				134106521B7ED11600625BC4 /* CustomView */,
				134106511B7ED0EE00625BC4 /* View */,
				134106501B7ED0DB00625BC4 /* Model */,
				1341064F1B7ED0C800625BC4 /* Controller */,
				1341062F1B7EBF7500625BC4 /* AppDelegate.swift */,
				134106311B7EBF7500625BC4 /* ViewController.swift */,
				134106361B7EBF7500625BC4 /* Images.xcassets */,
				1341062D1B7EBF7500625BC4 /* Supporting Files */,
			);
			path = SampleProject;
			sourceTree = "<group>";
		};
		1341062D1B7EBF7500625BC4 /* Supporting Files */ = {
			isa = PBXGroup;
			children = (
				1341062E1B7EBF7500625BC4 /* Info.plist */,
			);
			name = "Supporting Files";
			sourceTree = "<group>";
		};
		134106421B7EBF7500625BC4 /* SampleProjectTests */ = {
			isa = PBXGroup;
			children = (
				134106451B7EBF7500625BC4 /* SampleProjectTests.swift */,
				134106431B7EBF7500625BC4 /* Supporting Files */,
			);
			path = SampleProjectTests;
			sourceTree = "<group>";
		};
		134106431B7EBF7500625BC4 /* Supporting Files */ = {
			isa = PBXGroup;
			children = (
				134106441B7EBF7500625BC4 /* Info.plist */,
			);
			name = "Supporting Files";
			sourceTree = "<group>";
		};
		1341064F1B7ED0C800625BC4 /* Controller */ = {
			isa = PBXGroup;
			children = (
				13377F361B803D8E0059F691 /* DetailView */,
				13377F351B803D750059F691 /* TableCell */,
				134106581B7ED1D800625BC4 /* TableView */,
				134106541B7ED19300625BC4 /* LoginViewController.swift */,
				134106561B7ED1B800625BC4 /* SignUpViewController.swift */,
			);
			name = Controller;
			sourceTree = "<group>";
		};
		134106501B7ED0DB00625BC4 /* Model */ = {
			isa = PBXGroup;
			children = (
				13D66BD01B807EF2009BE9D5 /* InsuranceModel.swift */,
				13D66BD11B807EF2009BE9D5 /* ImmunizationModel.swift */,
				13D66BD21B807EF2009BE9D5 /* VitalSignModel.swift */,
				13D66BD31B807EF2009BE9D5 /* AllergyModel.swift */,
				13D66BD41B807EF2009BE9D5 /* MedicationModel.swift */,
				13D66BD51B807EF2009BE9D5 /* MedicalHistoryModel.swift */,
				13D66BD61B807EF2009BE9D5 /* FamilyHistoryModel.swift */,
				13377F331B8038790059F691 /* MenuModel.swift */,
			);
			name = Model;
			sourceTree = "<group>";
		};
		134106511B7ED0EE00625BC4 /* View */ = {
			isa = PBXGroup;
			children = (
				134106331B7EBF7500625BC4 /* Main.storyboard */,
				134106381B7EBF7500625BC4 /* LaunchScreen.xib */,
				1330AFEB1B805B8100E2D819 /* Facility.storyboard */,
				1330AFED1B805B9E00E2D819 /* Provider.storyboard */,
				1330AFEF1B805BC000E2D819 /* PersonalInformation.storyboard */,
				1330AFF11B805BD700E2D819 /* Insurance.storyboard */,
				1330AFF31B805C0600E2D819 /* Immunization.storyboard */,
			);
			name = View;
			sourceTree = "<group>";
		};
		134106521B7ED11600625BC4 /* CustomView */ = {
			isa = PBXGroup;
			children = (
				13D66BA61B807929009BE9D5 /* PopDateViewController.xib */,
				13D66BA81B807963009BE9D5 /* PopDateViewController.swift */,
				13D66BAA1B80796F009BE9D5 /* PopDatePicker.swift */,
			);
			name = CustomView;
			sourceTree = "<group>";
		};
		134106531B7ED12D00625BC4 /* HelperFile */ = {
			isa = PBXGroup;
			children = (
				13D66BA41B807901009BE9D5 /* Alert.swift */,
				13D66BA01B8078D6009BE9D5 /* JsonHelper.swift */,
				13D66BA21B8078EA009BE9D5 /* ProgressHUD.swift */,
			);
			name = HelperFile;
			sourceTree = "<group>";
		};
		134106581B7ED1D800625BC4 /* TableView */ = {
			isa = PBXGroup;
			children = (
				134106591B7ED22400625BC4 /* MenuTableViewController.swift */,
				1341065B1B7EF7BE00625BC4 /* FacilityTableViewController.swift */,
				13D66BC01B807D20009BE9D5 /* ProviderTableViewController.swift */,
				13D66BC21B807D4E009BE9D5 /* InsuranceTableViewController.swift */,
				13D66BC41B807D77009BE9D5 /* ImmunizationTableViewController.swift */,
				13D66BC61B807DA2009BE9D5 /* VitalSignTableViewController.swift */,
				13D66BC81B807DD0009BE9D5 /* AllergyTableViewController.swift */,
				13D66BCA1B807DF9009BE9D5 /* MedicationTableViewController.swift */,
				13D66BCC1B807E29009BE9D5 /* PatientHistoryTableViewController.swift */,
				13D66BCE1B807E58009BE9D5 /* FamilyHistoryTableViewController.swift */,
			);
			name = TableView;
			sourceTree = "<group>";
		};
/* End PBXGroup section */

/* Begin PBXNativeTarget section */
		134106291B7EBF7500625BC4 /* SampleProject */ = {
			isa = PBXNativeTarget;
			buildConfigurationList = 134106491B7EBF7500625BC4 /* Build configuration list for PBXNativeTarget "SampleProject" */;
			buildPhases = (
				134106261B7EBF7500625BC4 /* Sources */,
				134106271B7EBF7500625BC4 /* Frameworks */,
				134106281B7EBF7500625BC4 /* Resources */,
			);
			buildRules = (
			);
			dependencies = (
			);
			name = SampleProject;
			productName = SampleProject;
			productReference = 1341062A1B7EBF7500625BC4 /* SampleProject.app */;
			productType = "com.apple.product-type.application";
		};
		1341063E1B7EBF7500625BC4 /* SampleProjectTests */ = {
			isa = PBXNativeTarget;
			buildConfigurationList = 1341064C1B7EBF7500625BC4 /* Build configuration list for PBXNativeTarget "SampleProjectTests" */;
			buildPhases = (
				1341063B1B7EBF7500625BC4 /* Sources */,
				1341063C1B7EBF7500625BC4 /* Frameworks */,
				1341063D1B7EBF7500625BC4 /* Resources */,
			);
			buildRules = (
			);
			dependencies = (
				134106411B7EBF7500625BC4 /* PBXTargetDependency */,
			);
			name = SampleProjectTests;
			productName = SampleProjectTests;
			productReference = 1341063F1B7EBF7500625BC4 /* SampleProjectTests.xctest */;
			productType = "com.apple.product-type.bundle.unit-test";
		};
/* End PBXNativeTarget section */

/* Begin PBXProject section */
		134106221B7EBF7500625BC4 /* Project object */ = {
			isa = PBXProject;
			attributes = {
				LastUpgradeCheck = 0640;
				ORGANIZATIONNAME = YellowGreen;
				TargetAttributes = {
					134106291B7EBF7500625BC4 = {
						CreatedOnToolsVersion = 6.4;
					};
					1341063E1B7EBF7500625BC4 = {
						CreatedOnToolsVersion = 6.4;
						TestTargetID = 134106291B7EBF7500625BC4;
					};
				};
			};
			buildConfigurationList = 134106251B7EBF7500625BC4 /* Build configuration list for PBXProject "SampleProject" */;
			compatibilityVersion = "Xcode 3.2";
			developmentRegion = English;
			hasScannedForEncodings = 0;
			knownRegions = (
				en,
				Base,
			);
			mainGroup = 134106211B7EBF7500625BC4;
			productRefGroup = 1341062B1B7EBF7500625BC4 /* Products */;
			projectDirPath = "";
			projectRoot = "";
			targets = (
				134106291B7EBF7500625BC4 /* SampleProject */,
				1341063E1B7EBF7500625BC4 /* SampleProjectTests */,
			);
		};
/* End PBXProject section */

/* Begin PBXResourcesBuildPhase section */
		134106281B7EBF7500625BC4 /* Resources */ = {
			isa = PBXResourcesBuildPhase;
			buildActionMask = 2147483647;
			files = (
				134106351B7EBF7500625BC4 /* Main.storyboard in Resources */,
				1341063A1B7EBF7500625BC4 /* LaunchScreen.xib in Resources */,
				13D66BA71B807929009BE9D5 /* PopDateViewController.xib in Resources */,
				1330AFF41B805C0600E2D819 /* Immunization.storyboard in Resources */,
				1330AFEE1B805B9E00E2D819 /* Provider.storyboard in Resources */,
				1330AFF21B805BD700E2D819 /* Insurance.storyboard in Resources */,
				134106371B7EBF7500625BC4 /* Images.xcassets in Resources */,
				1330AFEC1B805B8100E2D819 /* Facility.storyboard in Resources */,
				1330AFF01B805BC000E2D819 /* PersonalInformation.storyboard in Resources */,
			);
			runOnlyForDeploymentPostprocessing = 0;
		};
		1341063D1B7EBF7500625BC4 /* Resources */ = {
			isa = PBXResourcesBuildPhase;
			buildActionMask = 2147483647;
			files = (
			);
			runOnlyForDeploymentPostprocessing = 0;
		};
/* End PBXResourcesBuildPhase section */

/* Begin PBXSourcesBuildPhase section */
		134106261B7EBF7500625BC4 /* Sources */ = {
			isa = PBXSourcesBuildPhase;
			buildActionMask = 2147483647;
			files = (
				13D66BA11B8078D6009BE9D5 /* JsonHelper.swift in Sources */,
				134106551B7ED19300625BC4 /* LoginViewController.swift in Sources */,
				13D66BCF1B807E58009BE9D5 /* FamilyHistoryTableViewController.swift in Sources */,
				13D66BD91B807EF2009BE9D5 /* VitalSignModel.swift in Sources */,
				13D66BDB1B807EF2009BE9D5 /* MedicationModel.swift in Sources */,
				13D66BC51B807D77009BE9D5 /* ImmunizationTableViewController.swift in Sources */,
				13D66BBD1B807C93009BE9D5 /* FamilyHistoryCell.swift in Sources */,
				13D66BA91B807963009BE9D5 /* PopDateViewController.swift in Sources */,
				13D66BC71B807DA2009BE9D5 /* VitalSignTableViewController.swift in Sources */,
				13D66BD81B807EF2009BE9D5 /* ImmunizationModel.swift in Sources */,
				13D66BC31B807D4E009BE9D5 /* InsuranceTableViewController.swift in Sources */,
				134106321B7EBF7500625BC4 /* ViewController.swift in Sources */,
				13D66BB91B807C54009BE9D5 /* MedicationCell.swift in Sources */,
				13D66BCD1B807E29009BE9D5 /* PatientHistoryTableViewController.swift in Sources */,
				13D66BD71B807EF2009BE9D5 /* InsuranceModel.swift in Sources */,
				13D66BB71B807C2A009BE9D5 /* AllergyCell.swift in Sources */,
				13D66BB51B807BF5009BE9D5 /* VitalCell.swift in Sources */,
				13D66BBB1B807C7C009BE9D5 /* PatientHistoryCell.swift in Sources */,
				1341065C1B7EF7BE00625BC4 /* FacilityTableViewController.swift in Sources */,
				13D66BAB1B80796F009BE9D5 /* PopDatePicker.swift in Sources */,
				13D66BB11B807BBC009BE9D5 /* InsuranceCell.swift in Sources */,
				13D66BAF1B807BA5009BE9D5 /* ProviderCell.swift in Sources */,
				13377F341B8038790059F691 /* MenuModel.swift in Sources */,
				1341065A1B7ED22400625BC4 /* MenuTableViewController.swift in Sources */,
				13D66BAD1B807B90009BE9D5 /* FacilityCell.swift in Sources */,
				13D66BB31B807BD3009BE9D5 /* ImmunizationCell.swift in Sources */,
				13D66BDC1B807EF2009BE9D5 /* MedicalHistoryModel.swift in Sources */,
				134106571B7ED1B800625BC4 /* SignUpViewController.swift in Sources */,
				13377F381B803DD00059F691 /* MenuCell.swift in Sources */,
				13D66BC11B807D20009BE9D5 /* ProviderTableViewController.swift in Sources */,
				13D66BDA1B807EF2009BE9D5 /* AllergyModel.swift in Sources */,
				13D66BA51B807901009BE9D5 /* Alert.swift in Sources */,
				13D66BDD1B807EF2009BE9D5 /* FamilyHistoryModel.swift in Sources */,
				13D66BA31B8078EA009BE9D5 /* ProgressHUD.swift in Sources */,
				134106301B7EBF7500625BC4 /* AppDelegate.swift in Sources */,
				13D66BCB1B807DF9009BE9D5 /* MedicationTableViewController.swift in Sources */,
				13D66BC91B807DD0009BE9D5 /* AllergyTableViewController.swift in Sources */,
			);
			runOnlyForDeploymentPostprocessing = 0;
		};
		1341063B1B7EBF7500625BC4 /* Sources */ = {
			isa = PBXSourcesBuildPhase;
			buildActionMask = 2147483647;
			files = (
				134106461B7EBF7500625BC4 /* SampleProjectTests.swift in Sources */,
			);
			runOnlyForDeploymentPostprocessing = 0;
		};
/* End PBXSourcesBuildPhase section */

/* Begin PBXTargetDependency section */
		134106411B7EBF7500625BC4 /* PBXTargetDependency */ = {
			isa = PBXTargetDependency;
			target = 134106291B7EBF7500625BC4 /* SampleProject */;
			targetProxy = 134106401B7EBF7500625BC4 /* PBXContainerItemProxy */;
		};
/* End PBXTargetDependency section */

/* Begin PBXVariantGroup section */
		134106331B7EBF7500625BC4 /* Main.storyboard */ = {
			isa = PBXVariantGroup;
			children = (
				134106341B7EBF7500625BC4 /* Base */,
			);
			name = Main.storyboard;
			sourceTree = "<group>";
		};
		134106381B7EBF7500625BC4 /* LaunchScreen.xib */ = {
			isa = PBXVariantGroup;
			children = (
				134106391B7EBF7500625BC4 /* Base */,
			);
			name = LaunchScreen.xib;
			sourceTree = "<group>";
		};
/* End PBXVariantGroup section */

/* Begin XCBuildConfiguration section */
		134106471B7EBF7500625BC4 /* Debug */ = {
			isa = XCBuildConfiguration;
			buildSettings = {
				ALWAYS_SEARCH_USER_PATHS = NO;
				CLANG_CXX_LANGUAGE_STANDARD = "gnu++0x";
				CLANG_CXX_LIBRARY = "libc++";
				CLANG_ENABLE_MODULES = YES;
				CLANG_ENABLE_OBJC_ARC = YES;
				CLANG_WARN_BOOL_CONVERSION = YES;
				CLANG_WARN_CONSTANT_CONVERSION = YES;
				CLANG_WARN_DIRECT_OBJC_ISA_USAGE = YES_ERROR;
				CLANG_WARN_EMPTY_BODY = YES;
				CLANG_WARN_ENUM_CONVERSION = YES;
				CLANG_WARN_INT_CONVERSION = YES;
				CLANG_WARN_OBJC_ROOT_CLASS = YES_ERROR;
				CLANG_WARN_UNREACHABLE_CODE = YES;
				CLANG_WARN__DUPLICATE_METHOD_MATCH = YES;
				"CODE_SIGN_IDENTITY[sdk=iphoneos*]" = "iPhone Developer";
				COPY_PHASE_STRIP = NO;
				DEBUG_INFORMATION_FORMAT = "dwarf-with-dsym";
				ENABLE_STRICT_OBJC_MSGSEND = YES;
				GCC_C_LANGUAGE_STANDARD = gnu99;
				GCC_DYNAMIC_NO_PIC = NO;
				GCC_NO_COMMON_BLOCKS = YES;
				GCC_OPTIMIZATION_LEVEL = 0;
				GCC_PREPROCESSOR_DEFINITIONS = (
					"DEBUG=1",
					"$(inherited)",
				);
				GCC_SYMBOLS_PRIVATE_EXTERN = NO;
				GCC_WARN_64_TO_32_BIT_CONVERSION = YES;
				GCC_WARN_ABOUT_RETURN_TYPE = YES_ERROR;
				GCC_WARN_UNDECLARED_SELECTOR = YES;
				GCC_WARN_UNINITIALIZED_AUTOS = YES_AGGRESSIVE;
				GCC_WARN_UNUSED_FUNCTION = YES;
				GCC_WARN_UNUSED_VARIABLE = YES;
				IPHONEOS_DEPLOYMENT_TARGET = 8.4;
				MTL_ENABLE_DEBUG_INFO = YES;
				ONLY_ACTIVE_ARCH = YES;
				SDKROOT = iphoneos;
				SWIFT_OPTIMIZATION_LEVEL = "-Onone";
			};
			name = Debug;
		};
		134106481B7EBF7500625BC4 /* Release */ = {
			isa = XCBuildConfiguration;
			buildSettings = {
				ALWAYS_SEARCH_USER_PATHS = NO;
				CLANG_CXX_LANGUAGE_STANDARD = "gnu++0x";
				CLANG_CXX_LIBRARY = "libc++";
				CLANG_ENABLE_MODULES = YES;
				CLANG_ENABLE_OBJC_ARC = YES;
				CLANG_WARN_BOOL_CONVERSION = YES;
				CLANG_WARN_CONSTANT_CONVERSION = YES;
				CLANG_WARN_DIRECT_OBJC_ISA_USAGE = YES_ERROR;
				CLANG_WARN_EMPTY_BODY = YES;
				CLANG_WARN_ENUM_CONVERSION = YES;
				CLANG_WARN_INT_CONVERSION = YES;
				CLANG_WARN_OBJC_ROOT_CLASS = YES_ERROR;
				CLANG_WARN_UNREACHABLE_CODE = YES;
				CLANG_WARN__DUPLICATE_METHOD_MATCH = YES;
				"CODE_SIGN_IDENTITY[sdk=iphoneos*]" = "iPhone Developer";
				COPY_PHASE_STRIP = NO;
				DEBUG_INFORMATION_FORMAT = "dwarf-with-dsym";
				ENABLE_NS_ASSERTIONS = NO;
				ENABLE_STRICT_OBJC_MSGSEND = YES;
				GCC_C_LANGUAGE_STANDARD = gnu99;
				GCC_NO_COMMON_BLOCKS = YES;
				GCC_WARN_64_TO_32_BIT_CONVERSION = YES;
				GCC_WARN_ABOUT_RETURN_TYPE = YES_ERROR;
				GCC_WARN_UNDECLARED_SELECTOR = YES;
				GCC_WARN_UNINITIALIZED_AUTOS = YES_AGGRESSIVE;
				GCC_WARN_UNUSED_FUNCTION = YES;
				GCC_WARN_UNUSED_VARIABLE = YES;
				IPHONEOS_DEPLOYMENT_TARGET = 8.4;
				MTL_ENABLE_DEBUG_INFO = NO;
				SDKROOT = iphoneos;
				VALIDATE_PRODUCT = YES;
			};
			name = Release;
		};
		1341064A1B7EBF7500625BC4 /* Debug */ = {
			isa = XCBuildConfiguration;
			buildSettings = {
				ASSETCATALOG_COMPILER_APPICON_NAME = AppIcon;
				INFOPLIST_FILE = SampleProject/Info.plist;
				LD_RUNPATH_SEARCH_PATHS = "$(inherited) @executable_path/Frameworks";
				PRODUCT_NAME = "$(TARGET_NAME)";
			};
			name = Debug;
		};
		1341064B1B7EBF7500625BC4 /* Release */ = {
			isa = XCBuildConfiguration;
			buildSettings = {
				ASSETCATALOG_COMPILER_APPICON_NAME = AppIcon;
				INFOPLIST_FILE = SampleProject/Info.plist;
				LD_RUNPATH_SEARCH_PATHS = "$(inherited) @executable_path/Frameworks";
				PRODUCT_NAME = "$(TARGET_NAME)";
			};
			name = Release;
		};
		1341064D1B7EBF7500625BC4 /* Debug */ = {
			isa = XCBuildConfiguration;
			buildSettings = {
				BUNDLE_LOADER = "$(TEST_HOST)";
				FRAMEWORK_SEARCH_PATHS = (
					"$(SDKROOT)/Developer/Library/Frameworks",
					"$(inherited)",
				);
				GCC_PREPROCESSOR_DEFINITIONS = (
					"DEBUG=1",
					"$(inherited)",
				);
				INFOPLIST_FILE = SampleProjectTests/Info.plist;
				LD_RUNPATH_SEARCH_PATHS = "$(inherited) @executable_path/Frameworks @loader_path/Frameworks";
				PRODUCT_NAME = "$(TARGET_NAME)";
				TEST_HOST = "$(BUILT_PRODUCTS_DIR)/SampleProject.app/SampleProject";
			};
			name = Debug;
		};
		1341064E1B7EBF7500625BC4 /* Release */ = {
			isa = XCBuildConfiguration;
			buildSettings = {
				BUNDLE_LOADER = "$(TEST_HOST)";
				FRAMEWORK_SEARCH_PATHS = (
					"$(SDKROOT)/Developer/Library/Frameworks",
					"$(inherited)",
				);
				INFOPLIST_FILE = SampleProjectTests/Info.plist;
				LD_RUNPATH_SEARCH_PATHS = "$(inherited) @executable_path/Frameworks @loader_path/Frameworks";
				PRODUCT_NAME = "$(TARGET_NAME)";
				TEST_HOST = "$(BUILT_PRODUCTS_DIR)/SampleProject.app/SampleProject";
			};
			name = Release;
		};
/* End XCBuildConfiguration section */

/* Begin XCConfigurationList section */
		134106251B7EBF7500625BC4 /* Build configuration list for PBXProject "SampleProject" */ = {
			isa = XCConfigurationList;
			buildConfigurations = (
				134106471B7EBF7500625BC4 /* Debug */,
				134106481B7EBF7500625BC4 /* Release */,
			);
			defaultConfigurationIsVisible = 0;
			defaultConfigurationName = Release;
		};
		134106491B7EBF7500625BC4 /* Build configuration list for PBXNativeTarget "SampleProject" */ = {
			isa = XCConfigurationList;
			buildConfigurations = (
				1341064A1B7EBF7500625BC4 /* Debug */,
				1341064B1B7EBF7500625BC4 /* Release */,
			);
			defaultConfigurationIsVisible = 0;
			defaultConfigurationName = Release;
		};
		1341064C1B7EBF7500625BC4 /* Build configuration list for PBXNativeTarget "SampleProjectTests" */ = {
			isa = XCConfigurationList;
			buildConfigurations = (
				1341064D1B7EBF7500625BC4 /* Debug */,
				1341064E1B7EBF7500625BC4 /* Release */,
			);
			defaultConfigurationIsVisible = 0;
			defaultConfigurationName = Release;
		};
/* End XCConfigurationList section */
	};
	rootObject = 134106221B7EBF7500625BC4 /* Project object */;
}
